
Microsoft Visual Studio Solution File, Format Version 12.00
# Visual Studio Version 17
VisualStudioVersion = 17.4.32912.340
MinimumVisualStudioVersion = 10.0.40219.1
Project("{9A19103F-16F7-4668-BE54-9A1E7A4F7556}") = "EyE.Client", "Client\EyE.Client.csproj", "{5A124148-166A-4889-9D9A-AADA3E5ED55B}"
EndProject
Project("{9A19103F-16F7-4668-BE54-9A1E7A4F7556}") = "EyEServer", "Server\EyEServer.csproj", "{545EEE07-E814-4369-AC64-F83157C28362}"
EndProject
Project("{9A19103F-16F7-4668-BE54-9A1E7A4F7556}") = "Memory", "Shared\Memory.csproj", "{0864EBA5-FE45-4A84-B731-78699E9992DF}"
EndProject
Project("{9A19103F-16F7-4668-BE54-9A1E7A4F7556}") = "Identity", "Identity\Identity.csproj", "{119AE73C-9CBB-4C07-A1E2-58A3724DC529}"
EndProject
Global
	GlobalSection(SolutionConfigurationPlatforms) = preSolution
		Debug|Any CPU = Debug|Any CPU
		Release|Any CPU = Release|Any CPU
	EndGlobalSection
	GlobalSection(ProjectConfigurationPlatforms) = postSolution
		{5A124148-166A-4889-9D9A-AADA3E5ED55B}.Debug|Any CPU.ActiveCfg = Debug|Any CPU
		{5A124148-166A-4889-9D9A-AADA3E5ED55B}.Debug|Any CPU.Build.0 = Debug|Any CPU
		{5A124148-166A-4889-9D9A-AADA3E5ED55B}.Release|Any CPU.ActiveCfg = Release|Any CPU
		{5A124148-166A-4889-9D9A-AADA3E5ED55B}.Release|Any CPU.Build.0 = Release|Any CPU
		{545EEE07-E814-4369-AC64-F83157C28362}.Debug|Any CPU.ActiveCfg = Debug|Any CPU
		{545EEE07-E814-4369-AC64-F83157C28362}.Debug|Any CPU.Build.0 = Debug|Any CPU
		{545EEE07-E814-4369-AC64-F83157C28362}.Release|Any CPU.ActiveCfg = Release|Any CPU
		{545EEE07-E814-4369-AC64-F83157C28362}.Release|Any CPU.Build.0 = Release|Any CPU
		{0864EBA5-FE45-4A84-B731-78699E9992DF}.Debug|Any CPU.ActiveCfg = Debug|Any CPU
		{0864EBA5-FE45-4A84-B731-78699E9992DF}.Debug|Any CPU.Build.0 = Debug|Any CPU
		{0864EBA5-FE45-4A84-B731-78699E9992DF}.Release|Any CPU.ActiveCfg = Release|Any CPU
		{0864EBA5-FE45-4A84-B731-78699E9992DF}.Release|Any CPU.Build.0 = Release|Any CPU
		{119AE73C-9CBB-4C07-A1E2-58A3724DC529}.Debug|Any CPU.ActiveCfg = Debug|Any CPU
		{119AE73C-9CBB-4C07-A1E2-58A3724DC529}.Debug|Any CPU.Build.0 = Debug|Any CPU
		{119AE73C-9CBB-4C07-A1E2-58A3724DC529}.Release|Any CPU.ActiveCfg = Release|Any CPU
		{119AE73C-9CBB-4C07-A1E2-58A3724DC529}.Release|Any CPU.Build.0 = Release|Any CPU
	EndGlobalSection
	GlobalSection(SolutionProperties) = preSolution
		HideSolutionNode = FALSE
	EndGlobalSection
	GlobalSection(ExtensibilityGlobals) = postSolution
		SolutionGuid = {699574DC-9F5D-4ED1-BC1B-F6BDE39B63AF}
	EndGlobalSection
EndGlobal
