
Microsoft Visual Studio Solution File, Format Version 12.00
# Visual Studio Version 17
VisualStudioVersion = 17.4.32912.340
MinimumVisualStudioVersion = 10.0.40219.1
Project("{9A19103F-16F7-4668-BE54-9A1E7A4F7556}") = "IdentityLib", "IdentityLib\IdentityLib.csproj", "{9683AC0B-F94F-416A-B84C-A1B22896C055}"
EndProject
Project("{9A19103F-16F7-4668-BE54-9A1E7A4F7556}") = "MemoryLib", "MemoryLib\MemoryLib.csproj", "{8BAB2346-804A-477E-B809-B88927884BAF}"
EndProject
Project("{9A19103F-16F7-4668-BE54-9A1E7A4F7556}") = "EyEServer", "EyEServer\EyEServer.csproj", "{1817F5AB-E013-4A27-A799-7E5666A1789D}"
EndProject
Project("{9A19103F-16F7-4668-BE54-9A1E7A4F7556}") = "EyEClientLib", "EyEClientLib\EyEClientLib.csproj", "{6FFA7295-6CB3-49A7-9DB1-F37874D40D03}"
EndProject
Project("{9A19103F-16F7-4668-BE54-9A1E7A4F7556}") = "MemoryClient", "MemoryClient\MemoryClient.csproj", "{B1EA8EE6-4871-4CCF-836D-4466983C788E}"
EndProject
Global
	GlobalSection(SolutionConfigurationPlatforms) = preSolution
		Debug|Any CPU = Debug|Any CPU
		Release|Any CPU = Release|Any CPU
	EndGlobalSection
	GlobalSection(ProjectConfigurationPlatforms) = postSolution
		{9683AC0B-F94F-416A-B84C-A1B22896C055}.Debug|Any CPU.ActiveCfg = Debug|Any CPU
		{9683AC0B-F94F-416A-B84C-A1B22896C055}.Debug|Any CPU.Build.0 = Debug|Any CPU
		{9683AC0B-F94F-416A-B84C-A1B22896C055}.Release|Any CPU.ActiveCfg = Release|Any CPU
		{9683AC0B-F94F-416A-B84C-A1B22896C055}.Release|Any CPU.Build.0 = Release|Any CPU
		{8BAB2346-804A-477E-B809-B88927884BAF}.Debug|Any CPU.ActiveCfg = Debug|Any CPU
		{8BAB2346-804A-477E-B809-B88927884BAF}.Debug|Any CPU.Build.0 = Debug|Any CPU
		{8BAB2346-804A-477E-B809-B88927884BAF}.Release|Any CPU.ActiveCfg = Release|Any CPU
		{8BAB2346-804A-477E-B809-B88927884BAF}.Release|Any CPU.Build.0 = Release|Any CPU
		{1817F5AB-E013-4A27-A799-7E5666A1789D}.Debug|Any CPU.ActiveCfg = Debug|Any CPU
		{1817F5AB-E013-4A27-A799-7E5666A1789D}.Debug|Any CPU.Build.0 = Debug|Any CPU
		{1817F5AB-E013-4A27-A799-7E5666A1789D}.Release|Any CPU.ActiveCfg = Release|Any CPU
		{1817F5AB-E013-4A27-A799-7E5666A1789D}.Release|Any CPU.Build.0 = Release|Any CPU
		{6FFA7295-6CB3-49A7-9DB1-F37874D40D03}.Debug|Any CPU.ActiveCfg = Debug|Any CPU
		{6FFA7295-6CB3-49A7-9DB1-F37874D40D03}.Debug|Any CPU.Build.0 = Debug|Any CPU
		{6FFA7295-6CB3-49A7-9DB1-F37874D40D03}.Release|Any CPU.ActiveCfg = Release|Any CPU
		{6FFA7295-6CB3-49A7-9DB1-F37874D40D03}.Release|Any CPU.Build.0 = Release|Any CPU
		{B1EA8EE6-4871-4CCF-836D-4466983C788E}.Debug|Any CPU.ActiveCfg = Debug|Any CPU
		{B1EA8EE6-4871-4CCF-836D-4466983C788E}.Debug|Any CPU.Build.0 = Debug|Any CPU
		{B1EA8EE6-4871-4CCF-836D-4466983C788E}.Release|Any CPU.ActiveCfg = Release|Any CPU
		{B1EA8EE6-4871-4CCF-836D-4466983C788E}.Release|Any CPU.Build.0 = Release|Any CPU
	EndGlobalSection
	GlobalSection(SolutionProperties) = preSolution
		HideSolutionNode = FALSE
	EndGlobalSection
	GlobalSection(ExtensibilityGlobals) = postSolution
		SolutionGuid = {699574DC-9F5D-4ED1-BC1B-F6BDE39B63AF}
	EndGlobalSection
EndGlobal
